
Microsoft Visual Studio Solution File, Format Version 12.00
# Visual Studio Version 16
VisualStudioVersion = 16.0.31702.278
MinimumVisualStudioVersion = 10.0.40219.1
Project("{FAE04EC0-301F-11D3-BF4B-00C04F79EFBC}") = "4Ework", "4Ework.csproj", "{4D27A9D2-E342-4089-8A09-F9D601FB2319}"
EndProject
Global
	GlobalSection(SolutionConfigurationPlatforms) = preSolution
		Debug|Any CPU = Debug|Any CPU
		Release|Any CPU = Release|Any CPU
	EndGlobalSection
	GlobalSection(ProjectConfigurationPlatforms) = postSolution
		{4D27A9D2-E342-4089-8A09-F9D601FB2319}.Debug|Any CPU.ActiveCfg = Debug|Any CPU
		{4D27A9D2-E342-4089-8A09-F9D601FB2319}.Debug|Any CPU.Build.0 = Debug|Any CPU
		{4D27A9D2-E342-4089-8A09-F9D601FB2319}.Release|Any CPU.ActiveCfg = Release|Any CPU
		{4D27A9D2-E342-4089-8A09-F9D601FB2319}.Release|Any CPU.Build.0 = Release|Any CPU
	EndGlobalSection
	GlobalSection(SolutionProperties) = preSolution
		HideSolutionNode = FALSE
	EndGlobalSection
	GlobalSection(ExtensibilityGlobals) = postSolution
		SolutionGuid = {68EAA1C1-D796-4E19-8D2F-097AF2F2BD93}
	EndGlobalSection
EndGlobal
